{
  "name": "pi-one-kms",
  "version": "0.1.0",
  "lockfileVersion": 3,
  "requires": true,
  "packages": {
    "": {
      "name": "pi-one-kms",
      "version": "0.1.0",
      "dependencies": {
        "@open-wallet-standard/core": "^1.1.0"
      }
    },
    "node_modules/@open-wallet-standard/core": {
      "version": "1.1.0",
      "resolved": "https://registry.npmjs.org/@open-wallet-standard/core/-/core-1.1.0.tgz",
      "integrity": "sha512-tQOLBo9y5qHJTTMVFU8s85GRj2vzEH6UILHODxOYifsJlgNWwoU/h4pAVK0vugtR2uGfRsJjxE0VkGICT7b+7Q==",
      "license": "MIT",
      "bin": {
        "ows": "bin/ows"
      },
      "optionalDependencies": {
        "@open-wallet-standard/core-darwin-arm64": "1.1.0",
        "@open-wallet-standard/core-darwin-x64": "1.1.0",
        "@open-wallet-standard/core-linux-arm64-gnu": "1.1.0",
        "@open-wallet-standard/core-linux-x64-gnu": "1.1.0"
      }
    },
    "node_modules/@open-wallet-standard/core-darwin-arm64": {
      "version": "1.1.0",
      "resolved": "https://registry.npmjs.org/@open-wallet-standard/core-darwin-arm64/-/core-darwin-arm64-1.1.0.tgz",
      "integrity": "sha512-2w3lttvTcfhYVzXi1HaRPqJOWTQ5we5H9tSGeVNzgj5Q7P5r18BtRMVSEqaf3Uw5MrOLrN6Lb9iVdnGUqcCGJA==",
      "cpu": [
        "arm64"
      ],
      "license": "MIT",
      "optional": true,
      "os": [
        "darwin"
      ]
    },
    "node_modules/@open-wallet-standard/core-darwin-x64": {
      "version": "1.1.0",
      "resolved": "https://registry.npmjs.org/@open-wallet-standard/core-darwin-x64/-/core-darwin-x64-1.1.0.tgz",
      "integrity": "sha512-HjRnZ9PwG/+NjdKDHAz6VByrb3RYKUx8kYSKclWzw5rgYkaNVDD9PvvCs0odNBOawS/iHbgVUe4dko2py23HDQ==",
      "cpu": [
        "x64"
      ],
      "license": "MIT",
      "optional": true,
      "os": [
        "darwin"
      ]
    },
    "node_modules/@open-wallet-standard/core-linux-arm64-gnu": {
      "version": "1.1.0",
      "resolved": "https://registry.npmjs.org/@open-wallet-standard/core-linux-arm64-gnu/-/core-linux-arm64-gnu-1.1.0.tgz",
      "integrity": "sha512-q1RC4cbNZLfKbFacVwnudlMDxb0gFWnX+jztQYAFgvCplAO33QWADa+Ua6y2M+yFSJBgoJDkpGgGqmi9tIjbYg==",
      "cpu": [
        "arm64"
      ],
      "license": "MIT",
      "optional": true,
      "os": [
        "linux"
      ]
    },
    "node_modules/@open-wallet-standard/core-linux-x64-gnu": {
      "version": "1.1.0",
      "resolved": "https://registry.npmjs.org/@open-wallet-standard/core-linux-x64-gnu/-/core-linux-x64-gnu-1.1.0.tgz",
      "integrity": "sha512-FerlsHMBjkFS/oP0bp6SVeJo29lpcbp5qkaRlN2OTx6AlF+mfKRb+pB32M+EiudylaWC9yG88XzxCe9YPoaOig==",
      "cpu": [
        "x64"
      ],
      "license": "MIT",
      "optional": true,
      "os": [
        "linux"
      ]
    }
  }
}
